{
  "name": "nebula-deal-room",
  "lockfileVersion": 3,
  "requires": true,
  "packages": {
    "": {
      "dependencies": {
        "@neon/config": "^0.0.0",
        "@neon/env": "^0.0.0"
      }
    },
    "node_modules/@neon/config": {
      "version": "0.0.0",
      "resolved": "https://registry.npmjs.org/@neon/config/-/config-0.0.0.tgz",
      "integrity": "sha512-2jUNhkjZm+8bc+O4zFSEVpn097Ffl5DZFLr6qadu8xgw9W3mpxSb8XZ/Xx9kp6ec49fibAiLcmDs//LOk26Wjg==",
      "license": "Apache-2.0"
    },
    "node_modules/@neon/env": {
      "version": "0.0.0",
      "resolved": "https://registry.npmjs.org/@neon/env/-/env-0.0.0.tgz",
      "integrity": "sha512-OnOGbPoF2mLPzsorHsxpPjZn/b7QWZhCwoEKLkf8KmShmST2hOBOU2RW3S0ku/ICSsTin3UQlhDb0vRYv+XQlg==",
      "license": "Apache-2.0"
    }
  }
}
